
Microsoft Visual Studio Solution File, Format Version 12.00
# Visual Studio Version 17
VisualStudioVersion = 17.9.34616.47
MinimumVisualStudioVersion = 10.0.40219.1
Project("{9A19103F-16F7-4668-BE54-9A1E7A4F7556}") = "TaskVsThread", "TaskVsThread\TaskVsThread.csproj", "{52948FC6-8ED7-4E92-8E75-E7D65EE3ED4B}"
EndProject
Project("{9A19103F-16F7-4668-BE54-9A1E7A4F7556}") = "TaskVsThreadClient", "TaskVsThreadClient\TaskVsThreadClient.csproj", "{8C8E44CB-7DDB-486C-86FA-4988F4855B8C}"
EndProject
Project("{9A19103F-16F7-4668-BE54-9A1E7A4F7556}") = "TaskVsThreadApp", "TaskVsThreadApp\TaskVsThreadApp.csproj", "{EAC5A7B4-6CC8-4B4C-B030-15C7E79B1DCB}"
EndProject
Project("{9A19103F-16F7-4668-BE54-9A1E7A4F7556}") = "TaskVsThreadServer", "TaskVsThreadServer\TaskVsThreadServer.csproj", "{42BBFA66-4491-4D60-A3B7-AF9826103721}"
EndProject
Project("{9A19103F-16F7-4668-BE54-9A1E7A4F7556}") = "TaskBestPractices", "TaskBestPractices\TaskBestPractices.csproj", "{E3C0C0DB-D58A-436D-957A-F21F219F931F}"
EndProject
Project("{9A19103F-16F7-4668-BE54-9A1E7A4F7556}") = "DIContainer", "DIContainer\DIContainer.csproj", "{C3583529-ED96-4842-8DB2-D5CC46ACADE4}"
EndProject
Project("{2150E333-8FDC-42A3-9474-1A3956D46DE8}") = "NullableAnnotationContext", "NullableAnnotationContext", "{07B397B5-C8CA-421D-85A1-449772536510}"
EndProject
Project("{9A19103F-16F7-4668-BE54-9A1E7A4F7556}") = "NullableEnable", "NullableAnnotationContext\Nullable\NullableEnable.csproj", "{E2FE132A-FE43-4D48-9B3A-2CD1BF34051A}"
EndProject
Project("{9A19103F-16F7-4668-BE54-9A1E7A4F7556}") = "NullableDisable", "NullableAnnotationContext\Nullable\NullableDisable.csproj", "{BB599D20-DAF4-4B96-9259-77B94CFB45C5}"
EndProject
Project("{9A19103F-16F7-4668-BE54-9A1E7A4F7556}") = "NullableDisableTest", "NullableAnnotationContext\NullableTest\NullableDisableTest.csproj", "{9C037B36-15A7-44AF-B8CB-7435EED26999}"
EndProject
Project("{9A19103F-16F7-4668-BE54-9A1E7A4F7556}") = "NullableEnableTest", "NullableAnnotationContext\NullableTest\NullableEnableTest.csproj", "{A867B586-D38A-4669-81D6-BDA509ACD6AE}"
EndProject
Global
	GlobalSection(SolutionConfigurationPlatforms) = preSolution
		Debug|Any CPU = Debug|Any CPU
		Release|Any CPU = Release|Any CPU
	EndGlobalSection
	GlobalSection(ProjectConfigurationPlatforms) = postSolution
		{52948FC6-8ED7-4E92-8E75-E7D65EE3ED4B}.Debug|Any CPU.ActiveCfg = Debug|Any CPU
		{52948FC6-8ED7-4E92-8E75-E7D65EE3ED4B}.Debug|Any CPU.Build.0 = Debug|Any CPU
		{52948FC6-8ED7-4E92-8E75-E7D65EE3ED4B}.Release|Any CPU.ActiveCfg = Release|Any CPU
		{52948FC6-8ED7-4E92-8E75-E7D65EE3ED4B}.Release|Any CPU.Build.0 = Release|Any CPU
		{8C8E44CB-7DDB-486C-86FA-4988F4855B8C}.Debug|Any CPU.ActiveCfg = Debug|Any CPU
		{8C8E44CB-7DDB-486C-86FA-4988F4855B8C}.Debug|Any CPU.Build.0 = Debug|Any CPU
		{8C8E44CB-7DDB-486C-86FA-4988F4855B8C}.Release|Any CPU.ActiveCfg = Release|Any CPU
		{8C8E44CB-7DDB-486C-86FA-4988F4855B8C}.Release|Any CPU.Build.0 = Release|Any CPU
		{EAC5A7B4-6CC8-4B4C-B030-15C7E79B1DCB}.Debug|Any CPU.ActiveCfg = Debug|Any CPU
		{EAC5A7B4-6CC8-4B4C-B030-15C7E79B1DCB}.Debug|Any CPU.Build.0 = Debug|Any CPU
		{EAC5A7B4-6CC8-4B4C-B030-15C7E79B1DCB}.Release|Any CPU.ActiveCfg = Release|Any CPU
		{EAC5A7B4-6CC8-4B4C-B030-15C7E79B1DCB}.Release|Any CPU.Build.0 = Release|Any CPU
		{42BBFA66-4491-4D60-A3B7-AF9826103721}.Debug|Any CPU.ActiveCfg = Debug|Any CPU
		{42BBFA66-4491-4D60-A3B7-AF9826103721}.Debug|Any CPU.Build.0 = Debug|Any CPU
		{42BBFA66-4491-4D60-A3B7-AF9826103721}.Release|Any CPU.ActiveCfg = Release|Any CPU
		{42BBFA66-4491-4D60-A3B7-AF9826103721}.Release|Any CPU.Build.0 = Release|Any CPU
		{E3C0C0DB-D58A-436D-957A-F21F219F931F}.Debug|Any CPU.ActiveCfg = Debug|Any CPU
		{E3C0C0DB-D58A-436D-957A-F21F219F931F}.Debug|Any CPU.Build.0 = Debug|Any CPU
		{E3C0C0DB-D58A-436D-957A-F21F219F931F}.Release|Any CPU.ActiveCfg = Release|Any CPU
		{E3C0C0DB-D58A-436D-957A-F21F219F931F}.Release|Any CPU.Build.0 = Release|Any CPU
		{C3583529-ED96-4842-8DB2-D5CC46ACADE4}.Debug|Any CPU.ActiveCfg = Debug|Any CPU
		{C3583529-ED96-4842-8DB2-D5CC46ACADE4}.Debug|Any CPU.Build.0 = Debug|Any CPU
		{C3583529-ED96-4842-8DB2-D5CC46ACADE4}.Release|Any CPU.ActiveCfg = Release|Any CPU
		{C3583529-ED96-4842-8DB2-D5CC46ACADE4}.Release|Any CPU.Build.0 = Release|Any CPU
		{E2FE132A-FE43-4D48-9B3A-2CD1BF34051A}.Debug|Any CPU.ActiveCfg = Debug|Any CPU
		{E2FE132A-FE43-4D48-9B3A-2CD1BF34051A}.Debug|Any CPU.Build.0 = Debug|Any CPU
		{E2FE132A-FE43-4D48-9B3A-2CD1BF34051A}.Release|Any CPU.ActiveCfg = Release|Any CPU
		{E2FE132A-FE43-4D48-9B3A-2CD1BF34051A}.Release|Any CPU.Build.0 = Release|Any CPU
		{BB599D20-DAF4-4B96-9259-77B94CFB45C5}.Debug|Any CPU.ActiveCfg = Debug|Any CPU
		{BB599D20-DAF4-4B96-9259-77B94CFB45C5}.Debug|Any CPU.Build.0 = Debug|Any CPU
		{BB599D20-DAF4-4B96-9259-77B94CFB45C5}.Release|Any CPU.ActiveCfg = Release|Any CPU
		{BB599D20-DAF4-4B96-9259-77B94CFB45C5}.Release|Any CPU.Build.0 = Release|Any CPU
		{9C037B36-15A7-44AF-B8CB-7435EED26999}.Debug|Any CPU.ActiveCfg = Debug|Any CPU
		{9C037B36-15A7-44AF-B8CB-7435EED26999}.Debug|Any CPU.Build.0 = Debug|Any CPU
		{9C037B36-15A7-44AF-B8CB-7435EED26999}.Release|Any CPU.ActiveCfg = Release|Any CPU
		{9C037B36-15A7-44AF-B8CB-7435EED26999}.Release|Any CPU.Build.0 = Release|Any CPU
		{A867B586-D38A-4669-81D6-BDA509ACD6AE}.Debug|Any CPU.ActiveCfg = Debug|Any CPU
		{A867B586-D38A-4669-81D6-BDA509ACD6AE}.Debug|Any CPU.Build.0 = Debug|Any CPU
		{A867B586-D38A-4669-81D6-BDA509ACD6AE}.Release|Any CPU.ActiveCfg = Release|Any CPU
		{A867B586-D38A-4669-81D6-BDA509ACD6AE}.Release|Any CPU.Build.0 = Release|Any CPU
	EndGlobalSection
	GlobalSection(SolutionProperties) = preSolution
		HideSolutionNode = FALSE
	EndGlobalSection
	GlobalSection(NestedProjects) = preSolution
		{E2FE132A-FE43-4D48-9B3A-2CD1BF34051A} = {07B397B5-C8CA-421D-85A1-449772536510}
		{BB599D20-DAF4-4B96-9259-77B94CFB45C5} = {07B397B5-C8CA-421D-85A1-449772536510}
		{9C037B36-15A7-44AF-B8CB-7435EED26999} = {07B397B5-C8CA-421D-85A1-449772536510}
		{A867B586-D38A-4669-81D6-BDA509ACD6AE} = {07B397B5-C8CA-421D-85A1-449772536510}
	EndGlobalSection
	GlobalSection(ExtensibilityGlobals) = postSolution
		SolutionGuid = {0DE0A6BC-9A30-4B49-BAFD-F582C4B592A1}
	EndGlobalSection
EndGlobal
